
Microsoft Visual Studio Solution File, Format Version 12.00
# Visual Studio Version 17
VisualStudioVersion = 17.0.32014.148
MinimumVisualStudioVersion = 10.0.40219.1
Project("{9A19103F-16F7-4668-BE54-9A1E7A4F7556}") = "Enhanced.DependencyInjection", "src\Enhanced.DependencyInjection\Enhanced.DependencyInjection.csproj", "{5AFA52E6-BADA-4DE2-9643-4CFFA38C3F9D}"
EndProject
Project("{9A19103F-16F7-4668-BE54-9A1E7A4F7556}") = "Enhanced.DependencyInjection.CodeGeneration", "src\Enhanced.DependencyInjection.CodeGeneration\Enhanced.DependencyInjection.CodeGeneration.csproj", "{463F7EDF-E21C-43EF-BB40-C56476E36601}"
EndProject
Project("{2150E333-8FDC-42A3-9474-1A3956D46DE8}") = ".solution", ".solution", "{3AE1354D-E786-4E49-B423-55AD4BADD2DD}"
	ProjectSection(SolutionItems) = preProject
		Directory.Build.props = Directory.Build.props
		README.md = README.md
	EndProjectSection
EndProject
Project("{2150E333-8FDC-42A3-9474-1A3956D46DE8}") = "samples", "samples", "{A2D00264-868B-4B7A-996B-378F5B6B2F7F}"
	ProjectSection(SolutionItems) = preProject
		samples\Directory.Build.props = samples\Directory.Build.props
	EndProjectSection
EndProject
Project("{9A19103F-16F7-4668-BE54-9A1E7A4F7556}") = "Sample", "samples\Sample\Sample.csproj", "{FBC62E4A-266F-4CB6-8D35-FA2E8AF8486E}"
EndProject
Project("{9A19103F-16F7-4668-BE54-9A1E7A4F7556}") = "SampleRef", "samples\SampleRef\SampleRef.csproj", "{14DC2D50-8C2F-417A-B26C-26576099EAE6}"
EndProject
Project("{2150E333-8FDC-42A3-9474-1A3956D46DE8}") = ".github-workflows", ".github-workflows", "{737C4AC9-791C-4C62-8C4E-ACDBC06C73CA}"
	ProjectSection(SolutionItems) = preProject
		.github\workflows\release.yml = .github\workflows\release.yml
		.github\workflows\build.yml = .github\workflows\build.yml
	EndProjectSection
EndProject
Project("{2150E333-8FDC-42A3-9474-1A3956D46DE8}") = "src", "src", "{1CBD9725-0E06-422B-B568-665259A80624}"
EndProject
Project("{2150E333-8FDC-42A3-9474-1A3956D46DE8}") = "tests", "tests", "{F7AFF3C6-A2EC-4D3F-986A-B2FC1C860B86}"
EndProject
Project("{FAE04EC0-301F-11D3-BF4B-00C04F79EFBC}") = "Enhanced.DependencyInjection.CodeGeneration.Tests", "tests\Enhanced.DependencyInjection.CodeGeneration.Tests\Enhanced.DependencyInjection.CodeGeneration.Tests.csproj", "{949C2279-A8EA-4366-8E90-2175A89FC8C1}"
EndProject
Project("{FAE04EC0-301F-11D3-BF4B-00C04F79EFBC}") = "SimpleApp", "samples\SimpleApp\SimpleApp.csproj", "{93CA497B-E06D-4956-8B0A-C7044CAE5AF9}"
EndProject
Global
	GlobalSection(SolutionConfigurationPlatforms) = preSolution
		Debug|Any CPU = Debug|Any CPU
		Release|Any CPU = Release|Any CPU
	EndGlobalSection
	GlobalSection(ProjectConfigurationPlatforms) = postSolution
		{5AFA52E6-BADA-4DE2-9643-4CFFA38C3F9D}.Debug|Any CPU.ActiveCfg = Debug|Any CPU
		{5AFA52E6-BADA-4DE2-9643-4CFFA38C3F9D}.Debug|Any CPU.Build.0 = Debug|Any CPU
		{5AFA52E6-BADA-4DE2-9643-4CFFA38C3F9D}.Release|Any CPU.ActiveCfg = Release|Any CPU
		{5AFA52E6-BADA-4DE2-9643-4CFFA38C3F9D}.Release|Any CPU.Build.0 = Release|Any CPU
		{463F7EDF-E21C-43EF-BB40-C56476E36601}.Debug|Any CPU.ActiveCfg = Debug|Any CPU
		{463F7EDF-E21C-43EF-BB40-C56476E36601}.Debug|Any CPU.Build.0 = Debug|Any CPU
		{463F7EDF-E21C-43EF-BB40-C56476E36601}.Release|Any CPU.ActiveCfg = Release|Any CPU
		{463F7EDF-E21C-43EF-BB40-C56476E36601}.Release|Any CPU.Build.0 = Release|Any CPU
		{FBC62E4A-266F-4CB6-8D35-FA2E8AF8486E}.Debug|Any CPU.ActiveCfg = Debug|Any CPU
		{FBC62E4A-266F-4CB6-8D35-FA2E8AF8486E}.Debug|Any CPU.Build.0 = Debug|Any CPU
		{FBC62E4A-266F-4CB6-8D35-FA2E8AF8486E}.Release|Any CPU.ActiveCfg = Release|Any CPU
		{FBC62E4A-266F-4CB6-8D35-FA2E8AF8486E}.Release|Any CPU.Build.0 = Release|Any CPU
		{14DC2D50-8C2F-417A-B26C-26576099EAE6}.Debug|Any CPU.ActiveCfg = Debug|Any CPU
		{14DC2D50-8C2F-417A-B26C-26576099EAE6}.Debug|Any CPU.Build.0 = Debug|Any CPU
		{14DC2D50-8C2F-417A-B26C-26576099EAE6}.Release|Any CPU.ActiveCfg = Release|Any CPU
		{14DC2D50-8C2F-417A-B26C-26576099EAE6}.Release|Any CPU.Build.0 = Release|Any CPU
		{949C2279-A8EA-4366-8E90-2175A89FC8C1}.Debug|Any CPU.ActiveCfg = Debug|Any CPU
		{949C2279-A8EA-4366-8E90-2175A89FC8C1}.Debug|Any CPU.Build.0 = Debug|Any CPU
		{949C2279-A8EA-4366-8E90-2175A89FC8C1}.Release|Any CPU.ActiveCfg = Release|Any CPU
		{949C2279-A8EA-4366-8E90-2175A89FC8C1}.Release|Any CPU.Build.0 = Release|Any CPU
		{93CA497B-E06D-4956-8B0A-C7044CAE5AF9}.Debug|Any CPU.ActiveCfg = Debug|Any CPU
		{93CA497B-E06D-4956-8B0A-C7044CAE5AF9}.Debug|Any CPU.Build.0 = Debug|Any CPU
		{93CA497B-E06D-4956-8B0A-C7044CAE5AF9}.Release|Any CPU.ActiveCfg = Release|Any CPU
		{93CA497B-E06D-4956-8B0A-C7044CAE5AF9}.Release|Any CPU.Build.0 = Release|Any CPU
	EndGlobalSection
	GlobalSection(SolutionProperties) = preSolution
		HideSolutionNode = FALSE
	EndGlobalSection
	GlobalSection(NestedProjects) = preSolution
		{FBC62E4A-266F-4CB6-8D35-FA2E8AF8486E} = {A2D00264-868B-4B7A-996B-378F5B6B2F7F}
		{14DC2D50-8C2F-417A-B26C-26576099EAE6} = {A2D00264-868B-4B7A-996B-378F5B6B2F7F}
		{5AFA52E6-BADA-4DE2-9643-4CFFA38C3F9D} = {1CBD9725-0E06-422B-B568-665259A80624}
		{463F7EDF-E21C-43EF-BB40-C56476E36601} = {1CBD9725-0E06-422B-B568-665259A80624}
		{949C2279-A8EA-4366-8E90-2175A89FC8C1} = {F7AFF3C6-A2EC-4D3F-986A-B2FC1C860B86}
		{93CA497B-E06D-4956-8B0A-C7044CAE5AF9} = {A2D00264-868B-4B7A-996B-378F5B6B2F7F}
	EndGlobalSection
	GlobalSection(ExtensibilityGlobals) = postSolution
		SolutionGuid = {55978C1F-D154-40F8-BC21-D0971C5A2EE3}
	EndGlobalSection
EndGlobal
